
Microsoft Visual Studio Solution File, Format Version 12.00
# Visual Studio Version 17
VisualStudioVersion = 17.8.34525.116
MinimumVisualStudioVersion = 10.0.40219.1
Project("{FAE04EC0-301F-11D3-BF4B-00C04F79EFBC}") = "ISRecipe", "ISRecipe\ISRecipe.csproj", "{9F0F6842-0F89-489E-BF30-75A69E9A0C7E}"
EndProject
Global
	GlobalSection(SolutionConfigurationPlatforms) = preSolution
		Debug|Any CPU = Debug|Any CPU
		Release|Any CPU = Release|Any CPU
	EndGlobalSection
	GlobalSection(ProjectConfigurationPlatforms) = postSolution
		{9F0F6842-0F89-489E-BF30-75A69E9A0C7E}.Debug|Any CPU.ActiveCfg = Debug|Any CPU
		{9F0F6842-0F89-489E-BF30-75A69E9A0C7E}.Debug|Any CPU.Build.0 = Debug|Any CPU
		{9F0F6842-0F89-489E-BF30-75A69E9A0C7E}.Release|Any CPU.ActiveCfg = Release|Any CPU
		{9F0F6842-0F89-489E-BF30-75A69E9A0C7E}.Release|Any CPU.Build.0 = Release|Any CPU
	EndGlobalSection
	GlobalSection(SolutionProperties) = preSolution
		HideSolutionNode = FALSE
	EndGlobalSection
	GlobalSection(ExtensibilityGlobals) = postSolution
		SolutionGuid = {8BE783CD-A488-43A6-B3AC-B6E5E3166A5F}
	EndGlobalSection
EndGlobal
